
Microsoft Visual Studio Solution File, Format Version 12.00
Project("{FAE04EC0-301F-11D3-BF4B-00C04F79EFBC}") = "HttpServerSimple", "HttpServerSimple.csproj", "{D0AC8CBE-F934-47CA-A71C-7FBC629F7309}"
EndProject
Global
	GlobalSection(SolutionConfigurationPlatforms) = preSolution
		Debug|Any CPU = Debug|Any CPU
		Release|Any CPU = Release|Any CPU
	EndGlobalSection
	GlobalSection(ProjectConfigurationPlatforms) = postSolution
		{D0AC8CBE-F934-47CA-A71C-7FBC629F7309}.Debug|Any CPU.ActiveCfg = Debug|Any CPU
		{D0AC8CBE-F934-47CA-A71C-7FBC629F7309}.Debug|Any CPU.Build.0 = Debug|Any CPU
		{D0AC8CBE-F934-47CA-A71C-7FBC629F7309}.Release|Any CPU.ActiveCfg = Release|Any CPU
		{D0AC8CBE-F934-47CA-A71C-7FBC629F7309}.Release|Any CPU.Build.0 = Release|Any CPU
	EndGlobalSection
EndGlobal
